<?xml version="1.0" encoding="utf-8"?>
<Project ToolsVersion="16.0" xmlns="http://schemas.microsoft.com/developer/msbuild/2003">
  <ItemGroup>
    <ClCompile Include="C:\Users\busiy\Downloads\draco-master\draco-master\src\draco\compression\attributes\prediction_schemes\prediction_scheme_encoder_factory.cc">
      <Filter>Source Files</Filter>
    </ClCompile>
  </ItemGroup>
  <ItemGroup>
    <ClInclude Include="C:\Users\busiy\Downloads\draco-master\draco-master\src\draco\compression\attributes\prediction_schemes\mesh_prediction_scheme_constrained_multi_parallelogram_encoder.h">
      <Filter>Header Files</Filter>
    </ClInclude>
    <ClInclude Include="C:\Users\busiy\Downloads\draco-master\draco-master\src\draco\compression\attributes\prediction_schemes\mesh_prediction_scheme_constrained_multi_parallelogram_shared.h">
      <Filter>Header Files</Filter>
    </ClInclude>
    <ClInclude Include="C:\Users\busiy\Downloads\draco-master\draco-master\src\draco\compression\attributes\prediction_schemes\mesh_prediction_scheme_data.h">
      <Filter>Header Files</Filter>
    </ClInclude>
    <ClInclude Include="C:\Users\busiy\Downloads\draco-master\draco-master\src\draco\compression\attributes\prediction_schemes\mesh_prediction_scheme_encoder.h">
      <Filter>Header Files</Filter>
    </ClInclude>
    <ClInclude Include="C:\Users\busiy\Downloads\draco-master\draco-master\src\draco\compression\attributes\prediction_schemes\mesh_prediction_scheme_geometric_normal_encoder.h">
      <Filter>Header Files</Filter>
    </ClInclude>
    <ClInclude Include="C:\Users\busiy\Downloads\draco-master\draco-master\src\draco\compression\attributes\prediction_schemes\mesh_prediction_scheme_geometric_normal_predictor_area.h">
      <Filter>Header Files</Filter>
    </ClInclude>
    <ClInclude Include="C:\Users\busiy\Downloads\draco-master\draco-master\src\draco\compression\attributes\prediction_schemes\mesh_prediction_scheme_geometric_normal_predictor_base.h">
      <Filter>Header Files</Filter>
    </ClInclude>
    <ClInclude Include="C:\Users\busiy\Downloads\draco-master\draco-master\src\draco\compression\attributes\prediction_schemes\mesh_prediction_scheme_multi_parallelogram_encoder.h">
      <Filter>Header Files</Filter>
    </ClInclude>
    <ClInclude Include="C:\Users\busiy\Downloads\draco-master\draco-master\src\draco\compression\attributes\prediction_schemes\mesh_prediction_scheme_parallelogram_encoder.h">
      <Filter>Header Files</Filter>
    </ClInclude>
    <ClInclude Include="C:\Users\busiy\Downloads\draco-master\draco-master\src\draco\compression\attributes\prediction_schemes\mesh_prediction_scheme_parallelogram_shared.h">
      <Filter>Header Files</Filter>
    </ClInclude>
    <ClInclude Include="C:\Users\busiy\Downloads\draco-master\draco-master\src\draco\compression\attributes\prediction_schemes\mesh_prediction_scheme_tex_coords_encoder.h">
      <Filter>Header Files</Filter>
    </ClInclude>
    <ClInclude Include="C:\Users\busiy\Downloads\draco-master\draco-master\src\draco\compression\attributes\prediction_schemes\mesh_prediction_scheme_tex_coords_portable_encoder.h">
      <Filter>Header Files</Filter>
    </ClInclude>
    <ClInclude Include="C:\Users\busiy\Downloads\draco-master\draco-master\src\draco\compression\attributes\prediction_schemes\mesh_prediction_scheme_tex_coords_portable_predictor.h">
      <Filter>Header Files</Filter>
    </ClInclude>
    <ClInclude Include="C:\Users\busiy\Downloads\draco-master\draco-master\src\draco\compression\attributes\prediction_schemes\prediction_scheme_delta_encoder.h">
      <Filter>Header Files</Filter>
    </ClInclude>
    <ClInclude Include="C:\Users\busiy\Downloads\draco-master\draco-master\src\draco\compression\attributes\prediction_schemes\prediction_scheme_encoder.h">
      <Filter>Header Files</Filter>
    </ClInclude>
    <ClInclude Include="C:\Users\busiy\Downloads\draco-master\draco-master\src\draco\compression\attributes\prediction_schemes\prediction_scheme_encoder_factory.h">
      <Filter>Header Files</Filter>
    </ClInclude>
    <ClInclude Include="C:\Users\busiy\Downloads\draco-master\draco-master\src\draco\compression\attributes\prediction_schemes\prediction_scheme_encoder_interface.h">
      <Filter>Header Files</Filter>
    </ClInclude>
    <ClInclude Include="C:\Users\busiy\Downloads\draco-master\draco-master\src\draco\compression\attributes\prediction_schemes\prediction_scheme_encoding_transform.h">
      <Filter>Header Files</Filter>
    </ClInclude>
    <ClInclude Include="C:\Users\busiy\Downloads\draco-master\draco-master\src\draco\compression\attributes\prediction_schemes\prediction_scheme_factory.h">
      <Filter>Header Files</Filter>
    </ClInclude>
    <ClInclude Include="C:\Users\busiy\Downloads\draco-master\draco-master\src\draco\compression\attributes\prediction_schemes\prediction_scheme_interface.h">
      <Filter>Header Files</Filter>
    </ClInclude>
    <ClInclude Include="C:\Users\busiy\Downloads\draco-master\draco-master\src\draco\compression\attributes\prediction_schemes\prediction_scheme_normal_octahedron_canonicalized_encoding_transform.h">
      <Filter>Header Files</Filter>
    </ClInclude>
    <ClInclude Include="C:\Users\busiy\Downloads\draco-master\draco-master\src\draco\compression\attributes\prediction_schemes\prediction_scheme_normal_octahedron_canonicalized_transform_base.h">
      <Filter>Header Files</Filter>
    </ClInclude>
    <ClInclude Include="C:\Users\busiy\Downloads\draco-master\draco-master\src\draco\compression\attributes\prediction_schemes\prediction_scheme_normal_octahedron_encoding_transform.h">
      <Filter>Header Files</Filter>
    </ClInclude>
    <ClInclude Include="C:\Users\busiy\Downloads\draco-master\draco-master\src\draco\compression\attributes\prediction_schemes\prediction_scheme_normal_octahedron_transform_base.h">
      <Filter>Header Files</Filter>
    </ClInclude>
    <ClInclude Include="C:\Users\busiy\Downloads\draco-master\draco-master\src\draco\compression\attributes\prediction_schemes\prediction_scheme_wrap_encoding_transform.h">
      <Filter>Header Files</Filter>
    </ClInclude>
    <ClInclude Include="C:\Users\busiy\Downloads\draco-master\draco-master\src\draco\compression\attributes\prediction_schemes\prediction_scheme_wrap_transform_base.h">
      <Filter>Header Files</Filter>
    </ClInclude>
  </ItemGroup>
  <ItemGroup>
    <CustomBuild Include="C:\Users\busiy\Downloads\draco-master\draco-master\CMakeLists.txt" />
  </ItemGroup>
  <ItemGroup>
    <Filter Include="Header Files">
      <UniqueIdentifier>{7B7502B6-ADA9-3DE0-88BC-C4B61D451D61}</UniqueIdentifier>
    </Filter>
    <Filter Include="Source Files">
      <UniqueIdentifier>{F15B9D4B-0102-3932-B2B0-58E4DA9A4FD1}</UniqueIdentifier>
    </Filter>
  </ItemGroup>
</Project>
