<?xml version="1.0" encoding="utf-8"?>
<Project ToolsVersion="16.0" xmlns="http://schemas.microsoft.com/developer/msbuild/2003">
  <ItemGroup>
    <ClInclude Include="C:\Users\busiy\Downloads\draco-master\draco-master\src\draco\compression\config\compression_shared.h">
      <Filter>Header Files</Filter>
    </ClInclude>
    <ClInclude Include="C:\Users\busiy\Downloads\draco-master\draco-master\src\draco\compression\config\decoder_options.h">
      <Filter>Header Files</Filter>
    </ClInclude>
    <ClInclude Include="C:\Users\busiy\Downloads\draco-master\draco-master\src\draco\compression\config\draco_options.h">
      <Filter>Header Files</Filter>
    </ClInclude>
  </ItemGroup>
  <ItemGroup>
    <CustomBuild Include="C:\Users\busiy\Downloads\draco-master\draco-master\CMakeLists.txt" />
  </ItemGroup>
  <ItemGroup>
    <Filter Include="Header Files">
      <UniqueIdentifier>{7B7502B6-ADA9-3DE0-88BC-C4B61D451D61}</UniqueIdentifier>
    </Filter>
  </ItemGroup>
</Project>
