
Microsoft Visual Studio Solution File, Format Version 12.00
# Visual Studio Version 16
Project("{8BC9CEB8-8B4A-11D0-8D11-00A0C91BC942}") = "ALL_BUILD", "ALL_BUILD.vcxproj", "{14CF5178-11A4-3883-90DD-B1C00EC7DA73}"
	ProjectSection(ProjectDependencies) = postProject
		{EDC1A109-B392-30E0-B83B-D99092D55184} = {EDC1A109-B392-30E0-B83B-D99092D55184}
		{279171A8-E4CE-3E1B-9EEB-22E450E8DBF5} = {279171A8-E4CE-3E1B-9EEB-22E450E8DBF5}
		{4876C31E-4E6E-3106-A40C-A491CE42CA04} = {4876C31E-4E6E-3106-A40C-A491CE42CA04}
		{39CAEC48-73BC-30A3-B376-0D08310C8FD7} = {39CAEC48-73BC-30A3-B376-0D08310C8FD7}
		{E3EEBF61-656F-3B65-A808-EE47C0A000A4} = {E3EEBF61-656F-3B65-A808-EE47C0A000A4}
		{C13A9FE2-91BB-3D49-9446-DC206066FF70} = {C13A9FE2-91BB-3D49-9446-DC206066FF70}
		{CB1F10AD-8EB0-3A91-ADE4-B9795442E1C9} = {CB1F10AD-8EB0-3A91-ADE4-B9795442E1C9}
		{33D32DAA-A384-31B4-8ABB-0C89A31E1197} = {33D32DAA-A384-31B4-8ABB-0C89A31E1197}
		{B7B24CE1-BB98-362B-9332-46C7B2B3605D} = {B7B24CE1-BB98-362B-9332-46C7B2B3605D}
		{AE5C17E4-E5C3-3E2D-83F4-1BD96CF54ABF} = {AE5C17E4-E5C3-3E2D-83F4-1BD96CF54ABF}
		{3EC9DE5B-2891-3269-828E-A4C453159FE5} = {3EC9DE5B-2891-3269-828E-A4C453159FE5}
		{2C9D28F5-09F2-3ED5-A05A-FC0073FC69EB} = {2C9D28F5-09F2-3ED5-A05A-FC0073FC69EB}
		{0C8EEB94-5198-3903-AAB4-C520A39A8ED4} = {0C8EEB94-5198-3903-AAB4-C520A39A8ED4}
		{37FD0642-7E6E-3CB8-9AD3-D778B4133DC0} = {37FD0642-7E6E-3CB8-9AD3-D778B4133DC0}
		{437C1055-7821-302B-8B4D-81C0C753F31C} = {437C1055-7821-302B-8B4D-81C0C753F31C}
		{B98F2541-491F-3EA5-9D37-6535A7F863F8} = {B98F2541-491F-3EA5-9D37-6535A7F863F8}
		{83D79CD3-91BC-35A7-8F6F-C9CC16CD1B3F} = {83D79CD3-91BC-35A7-8F6F-C9CC16CD1B3F}
		{E1CA4E87-1EC5-3231-A033-9739E768BC42} = {E1CA4E87-1EC5-3231-A033-9739E768BC42}
		{C275BCBC-7D0E-3DC8-84B4-D69106ACA55E} = {C275BCBC-7D0E-3DC8-84B4-D69106ACA55E}
		{EDF05225-DEB0-3172-8C34-F2CE10368274} = {EDF05225-DEB0-3172-8C34-F2CE10368274}
		{449BC19C-97AE-3C8C-8351-3AC94BA4708C} = {449BC19C-97AE-3C8C-8351-3AC94BA4708C}
		{113CA739-9662-37DF-90D4-EC30A484C276} = {113CA739-9662-37DF-90D4-EC30A484C276}
		{3F12306D-0B6E-3511-8922-29515CC408DC} = {3F12306D-0B6E-3511-8922-29515CC408DC}
		{43D66AE5-A68D-342B-B8A8-05BE41461B4B} = {43D66AE5-A68D-342B-B8A8-05BE41461B4B}
		{95DE2A0F-3CD2-3765-BE4E-D99D7A9D90CB} = {95DE2A0F-3CD2-3765-BE4E-D99D7A9D90CB}
		{6EBB4E44-D835-3414-8208-12F611E53521} = {6EBB4E44-D835-3414-8208-12F611E53521}
		{3C023ED6-C755-3E24-8206-854E808D935E} = {3C023ED6-C755-3E24-8206-854E808D935E}
		{D3423A68-7801-314A-B068-01DDF0FB6E11} = {D3423A68-7801-314A-B068-01DDF0FB6E11}
		{670E6097-33CF-37C7-BC62-45C42C22343E} = {670E6097-33CF-37C7-BC62-45C42C22343E}
		{0199ED23-96C2-3D72-983C-B644A448A8DA} = {0199ED23-96C2-3D72-983C-B644A448A8DA}
		{71299E20-F455-3CE9-9C60-3B0FD5D4F526} = {71299E20-F455-3CE9-9C60-3B0FD5D4F526}
		{6EBECB7A-4891-314E-A9F5-17E9DD8FB044} = {6EBECB7A-4891-314E-A9F5-17E9DD8FB044}
		{8332463A-2F32-3597-A793-2872DB1135A1} = {8332463A-2F32-3597-A793-2872DB1135A1}
	EndProjectSection
EndProject
Project("{8BC9CEB8-8B4A-11D0-8D11-00A0C91BC942}") = "INSTALL", "INSTALL.vcxproj", "{7A3A281E-F46D-3051-827F-3D289F710204}"
	ProjectSection(ProjectDependencies) = postProject
		{14CF5178-11A4-3883-90DD-B1C00EC7DA73} = {14CF5178-11A4-3883-90DD-B1C00EC7DA73}
		{EDC1A109-B392-30E0-B83B-D99092D55184} = {EDC1A109-B392-30E0-B83B-D99092D55184}
	EndProjectSection
EndProject
Project("{8BC9CEB8-8B4A-11D0-8D11-00A0C91BC942}") = "ZERO_CHECK", "ZERO_CHECK.vcxproj", "{EDC1A109-B392-30E0-B83B-D99092D55184}"
	ProjectSection(ProjectDependencies) = postProject
	EndProjectSection
EndProject
Project("{8BC9CEB8-8B4A-11D0-8D11-00A0C91BC942}") = "draco", "draco.vcxproj", "{279171A8-E4CE-3E1B-9EEB-22E450E8DBF5}"
	ProjectSection(ProjectDependencies) = postProject
		{EDC1A109-B392-30E0-B83B-D99092D55184} = {EDC1A109-B392-30E0-B83B-D99092D55184}
		{4876C31E-4E6E-3106-A40C-A491CE42CA04} = {4876C31E-4E6E-3106-A40C-A491CE42CA04}
		{39CAEC48-73BC-30A3-B376-0D08310C8FD7} = {39CAEC48-73BC-30A3-B376-0D08310C8FD7}
		{E3EEBF61-656F-3B65-A808-EE47C0A000A4} = {E3EEBF61-656F-3B65-A808-EE47C0A000A4}
		{C13A9FE2-91BB-3D49-9446-DC206066FF70} = {C13A9FE2-91BB-3D49-9446-DC206066FF70}
		{CB1F10AD-8EB0-3A91-ADE4-B9795442E1C9} = {CB1F10AD-8EB0-3A91-ADE4-B9795442E1C9}
		{33D32DAA-A384-31B4-8ABB-0C89A31E1197} = {33D32DAA-A384-31B4-8ABB-0C89A31E1197}
		{AE5C17E4-E5C3-3E2D-83F4-1BD96CF54ABF} = {AE5C17E4-E5C3-3E2D-83F4-1BD96CF54ABF}
		{3EC9DE5B-2891-3269-828E-A4C453159FE5} = {3EC9DE5B-2891-3269-828E-A4C453159FE5}
		{2C9D28F5-09F2-3ED5-A05A-FC0073FC69EB} = {2C9D28F5-09F2-3ED5-A05A-FC0073FC69EB}
		{0C8EEB94-5198-3903-AAB4-C520A39A8ED4} = {0C8EEB94-5198-3903-AAB4-C520A39A8ED4}
		{37FD0642-7E6E-3CB8-9AD3-D778B4133DC0} = {37FD0642-7E6E-3CB8-9AD3-D778B4133DC0}
		{437C1055-7821-302B-8B4D-81C0C753F31C} = {437C1055-7821-302B-8B4D-81C0C753F31C}
		{B98F2541-491F-3EA5-9D37-6535A7F863F8} = {B98F2541-491F-3EA5-9D37-6535A7F863F8}
		{E1CA4E87-1EC5-3231-A033-9739E768BC42} = {E1CA4E87-1EC5-3231-A033-9739E768BC42}
		{C275BCBC-7D0E-3DC8-84B4-D69106ACA55E} = {C275BCBC-7D0E-3DC8-84B4-D69106ACA55E}
		{EDF05225-DEB0-3172-8C34-F2CE10368274} = {EDF05225-DEB0-3172-8C34-F2CE10368274}
		{449BC19C-97AE-3C8C-8351-3AC94BA4708C} = {449BC19C-97AE-3C8C-8351-3AC94BA4708C}
		{6EBB4E44-D835-3414-8208-12F611E53521} = {6EBB4E44-D835-3414-8208-12F611E53521}
		{3C023ED6-C755-3E24-8206-854E808D935E} = {3C023ED6-C755-3E24-8206-854E808D935E}
		{D3423A68-7801-314A-B068-01DDF0FB6E11} = {D3423A68-7801-314A-B068-01DDF0FB6E11}
		{670E6097-33CF-37C7-BC62-45C42C22343E} = {670E6097-33CF-37C7-BC62-45C42C22343E}
		{0199ED23-96C2-3D72-983C-B644A448A8DA} = {0199ED23-96C2-3D72-983C-B644A448A8DA}
		{71299E20-F455-3CE9-9C60-3B0FD5D4F526} = {71299E20-F455-3CE9-9C60-3B0FD5D4F526}
		{6EBECB7A-4891-314E-A9F5-17E9DD8FB044} = {6EBECB7A-4891-314E-A9F5-17E9DD8FB044}
		{8332463A-2F32-3597-A793-2872DB1135A1} = {8332463A-2F32-3597-A793-2872DB1135A1}
	EndProjectSection
EndProject
Project("{8BC9CEB8-8B4A-11D0-8D11-00A0C91BC942}") = "draco_animation", "draco_animation.vcxproj", "{4876C31E-4E6E-3106-A40C-A491CE42CA04}"
	ProjectSection(ProjectDependencies) = postProject
		{EDC1A109-B392-30E0-B83B-D99092D55184} = {EDC1A109-B392-30E0-B83B-D99092D55184}
	EndProjectSection
EndProject
Project("{8BC9CEB8-8B4A-11D0-8D11-00A0C91BC942}") = "draco_animation_dec", "draco_animation_dec.vcxproj", "{39CAEC48-73BC-30A3-B376-0D08310C8FD7}"
	ProjectSection(ProjectDependencies) = postProject
		{EDC1A109-B392-30E0-B83B-D99092D55184} = {EDC1A109-B392-30E0-B83B-D99092D55184}
	EndProjectSection
EndProject
Project("{8BC9CEB8-8B4A-11D0-8D11-00A0C91BC942}") = "draco_animation_enc", "draco_animation_enc.vcxproj", "{E3EEBF61-656F-3B65-A808-EE47C0A000A4}"
	ProjectSection(ProjectDependencies) = postProject
		{EDC1A109-B392-30E0-B83B-D99092D55184} = {EDC1A109-B392-30E0-B83B-D99092D55184}
	EndProjectSection
EndProject
Project("{8BC9CEB8-8B4A-11D0-8D11-00A0C91BC942}") = "draco_attributes", "draco_attributes.vcxproj", "{C13A9FE2-91BB-3D49-9446-DC206066FF70}"
	ProjectSection(ProjectDependencies) = postProject
		{EDC1A109-B392-30E0-B83B-D99092D55184} = {EDC1A109-B392-30E0-B83B-D99092D55184}
	EndProjectSection
EndProject
Project("{8BC9CEB8-8B4A-11D0-8D11-00A0C91BC942}") = "draco_compression_attributes_dec", "draco_compression_attributes_dec.vcxproj", "{CB1F10AD-8EB0-3A91-ADE4-B9795442E1C9}"
	ProjectSection(ProjectDependencies) = postProject
		{EDC1A109-B392-30E0-B83B-D99092D55184} = {EDC1A109-B392-30E0-B83B-D99092D55184}
	EndProjectSection
EndProject
Project("{8BC9CEB8-8B4A-11D0-8D11-00A0C91BC942}") = "draco_compression_attributes_enc", "draco_compression_attributes_enc.vcxproj", "{33D32DAA-A384-31B4-8ABB-0C89A31E1197}"
	ProjectSection(ProjectDependencies) = postProject
		{EDC1A109-B392-30E0-B83B-D99092D55184} = {EDC1A109-B392-30E0-B83B-D99092D55184}
	EndProjectSection
EndProject
Project("{8BC9CEB8-8B4A-11D0-8D11-00A0C91BC942}") = "draco_compression_attributes_pred_schemes_dec", "draco_compression_attributes_pred_schemes_dec.vcxproj", "{B7B24CE1-BB98-362B-9332-46C7B2B3605D}"
	ProjectSection(ProjectDependencies) = postProject
		{EDC1A109-B392-30E0-B83B-D99092D55184} = {EDC1A109-B392-30E0-B83B-D99092D55184}
	EndProjectSection
EndProject
Project("{8BC9CEB8-8B4A-11D0-8D11-00A0C91BC942}") = "draco_compression_attributes_pred_schemes_enc", "draco_compression_attributes_pred_schemes_enc.vcxproj", "{AE5C17E4-E5C3-3E2D-83F4-1BD96CF54ABF}"
	ProjectSection(ProjectDependencies) = postProject
		{EDC1A109-B392-30E0-B83B-D99092D55184} = {EDC1A109-B392-30E0-B83B-D99092D55184}
	EndProjectSection
EndProject
Project("{8BC9CEB8-8B4A-11D0-8D11-00A0C91BC942}") = "draco_compression_bit_coders", "draco_compression_bit_coders.vcxproj", "{3EC9DE5B-2891-3269-828E-A4C453159FE5}"
	ProjectSection(ProjectDependencies) = postProject
		{EDC1A109-B392-30E0-B83B-D99092D55184} = {EDC1A109-B392-30E0-B83B-D99092D55184}
	EndProjectSection
EndProject
Project("{8BC9CEB8-8B4A-11D0-8D11-00A0C91BC942}") = "draco_compression_decode", "draco_compression_decode.vcxproj", "{2C9D28F5-09F2-3ED5-A05A-FC0073FC69EB}"
	ProjectSection(ProjectDependencies) = postProject
		{EDC1A109-B392-30E0-B83B-D99092D55184} = {EDC1A109-B392-30E0-B83B-D99092D55184}
	EndProjectSection
EndProject
Project("{8BC9CEB8-8B4A-11D0-8D11-00A0C91BC942}") = "draco_compression_encode", "draco_compression_encode.vcxproj", "{0C8EEB94-5198-3903-AAB4-C520A39A8ED4}"
	ProjectSection(ProjectDependencies) = postProject
		{EDC1A109-B392-30E0-B83B-D99092D55184} = {EDC1A109-B392-30E0-B83B-D99092D55184}
	EndProjectSection
EndProject
Project("{8BC9CEB8-8B4A-11D0-8D11-00A0C91BC942}") = "draco_compression_entropy", "draco_compression_entropy.vcxproj", "{37FD0642-7E6E-3CB8-9AD3-D778B4133DC0}"
	ProjectSection(ProjectDependencies) = postProject
		{EDC1A109-B392-30E0-B83B-D99092D55184} = {EDC1A109-B392-30E0-B83B-D99092D55184}
	EndProjectSection
EndProject
Project("{8BC9CEB8-8B4A-11D0-8D11-00A0C91BC942}") = "draco_compression_mesh_dec", "draco_compression_mesh_dec.vcxproj", "{437C1055-7821-302B-8B4D-81C0C753F31C}"
	ProjectSection(ProjectDependencies) = postProject
		{EDC1A109-B392-30E0-B83B-D99092D55184} = {EDC1A109-B392-30E0-B83B-D99092D55184}
	EndProjectSection
EndProject
Project("{8BC9CEB8-8B4A-11D0-8D11-00A0C91BC942}") = "draco_compression_mesh_enc", "draco_compression_mesh_enc.vcxproj", "{B98F2541-491F-3EA5-9D37-6535A7F863F8}"
	ProjectSection(ProjectDependencies) = postProject
		{EDC1A109-B392-30E0-B83B-D99092D55184} = {EDC1A109-B392-30E0-B83B-D99092D55184}
	EndProjectSection
EndProject
Project("{8BC9CEB8-8B4A-11D0-8D11-00A0C91BC942}") = "draco_compression_mesh_traverser", "draco_compression_mesh_traverser.vcxproj", "{83D79CD3-91BC-35A7-8F6F-C9CC16CD1B3F}"
	ProjectSection(ProjectDependencies) = postProject
		{EDC1A109-B392-30E0-B83B-D99092D55184} = {EDC1A109-B392-30E0-B83B-D99092D55184}
	EndProjectSection
EndProject
Project("{8BC9CEB8-8B4A-11D0-8D11-00A0C91BC942}") = "draco_compression_options", "draco_compression_options.vcxproj", "{E1CA4E87-1EC5-3231-A033-9739E768BC42}"
	ProjectSection(ProjectDependencies) = postProject
		{EDC1A109-B392-30E0-B83B-D99092D55184} = {EDC1A109-B392-30E0-B83B-D99092D55184}
	EndProjectSection
EndProject
Project("{8BC9CEB8-8B4A-11D0-8D11-00A0C91BC942}") = "draco_compression_point_cloud_dec", "draco_compression_point_cloud_dec.vcxproj", "{C275BCBC-7D0E-3DC8-84B4-D69106ACA55E}"
	ProjectSection(ProjectDependencies) = postProject
		{EDC1A109-B392-30E0-B83B-D99092D55184} = {EDC1A109-B392-30E0-B83B-D99092D55184}
	EndProjectSection
EndProject
Project("{8BC9CEB8-8B4A-11D0-8D11-00A0C91BC942}") = "draco_compression_point_cloud_enc", "draco_compression_point_cloud_enc.vcxproj", "{EDF05225-DEB0-3172-8C34-F2CE10368274}"
	ProjectSection(ProjectDependencies) = postProject
		{EDC1A109-B392-30E0-B83B-D99092D55184} = {EDC1A109-B392-30E0-B83B-D99092D55184}
	EndProjectSection
EndProject
Project("{8BC9CEB8-8B4A-11D0-8D11-00A0C91BC942}") = "draco_core", "draco_core.vcxproj", "{449BC19C-97AE-3C8C-8351-3AC94BA4708C}"
	ProjectSection(ProjectDependencies) = postProject
		{EDC1A109-B392-30E0-B83B-D99092D55184} = {EDC1A109-B392-30E0-B83B-D99092D55184}
	EndProjectSection
EndProject
Project("{8BC9CEB8-8B4A-11D0-8D11-00A0C91BC942}") = "draco_dec_config", "draco_dec_config.vcxproj", "{113CA739-9662-37DF-90D4-EC30A484C276}"
	ProjectSection(ProjectDependencies) = postProject
		{EDC1A109-B392-30E0-B83B-D99092D55184} = {EDC1A109-B392-30E0-B83B-D99092D55184}
	EndProjectSection
EndProject
Project("{8BC9CEB8-8B4A-11D0-8D11-00A0C91BC942}") = "draco_decoder", "draco_decoder.vcxproj", "{3F12306D-0B6E-3511-8922-29515CC408DC}"
	ProjectSection(ProjectDependencies) = postProject
		{EDC1A109-B392-30E0-B83B-D99092D55184} = {EDC1A109-B392-30E0-B83B-D99092D55184}
		{279171A8-E4CE-3E1B-9EEB-22E450E8DBF5} = {279171A8-E4CE-3E1B-9EEB-22E450E8DBF5}
	EndProjectSection
EndProject
Project("{8BC9CEB8-8B4A-11D0-8D11-00A0C91BC942}") = "draco_enc_config", "draco_enc_config.vcxproj", "{43D66AE5-A68D-342B-B8A8-05BE41461B4B}"
	ProjectSection(ProjectDependencies) = postProject
		{EDC1A109-B392-30E0-B83B-D99092D55184} = {EDC1A109-B392-30E0-B83B-D99092D55184}
	EndProjectSection
EndProject
Project("{8BC9CEB8-8B4A-11D0-8D11-00A0C91BC942}") = "draco_encoder", "draco_encoder.vcxproj", "{95DE2A0F-3CD2-3765-BE4E-D99D7A9D90CB}"
	ProjectSection(ProjectDependencies) = postProject
		{EDC1A109-B392-30E0-B83B-D99092D55184} = {EDC1A109-B392-30E0-B83B-D99092D55184}
		{279171A8-E4CE-3E1B-9EEB-22E450E8DBF5} = {279171A8-E4CE-3E1B-9EEB-22E450E8DBF5}
	EndProjectSection
EndProject
Project("{8BC9CEB8-8B4A-11D0-8D11-00A0C91BC942}") = "draco_io", "draco_io.vcxproj", "{6EBB4E44-D835-3414-8208-12F611E53521}"
	ProjectSection(ProjectDependencies) = postProject
		{EDC1A109-B392-30E0-B83B-D99092D55184} = {EDC1A109-B392-30E0-B83B-D99092D55184}
	EndProjectSection
EndProject
Project("{8BC9CEB8-8B4A-11D0-8D11-00A0C91BC942}") = "draco_mesh", "draco_mesh.vcxproj", "{3C023ED6-C755-3E24-8206-854E808D935E}"
	ProjectSection(ProjectDependencies) = postProject
		{EDC1A109-B392-30E0-B83B-D99092D55184} = {EDC1A109-B392-30E0-B83B-D99092D55184}
	EndProjectSection
EndProject
Project("{8BC9CEB8-8B4A-11D0-8D11-00A0C91BC942}") = "draco_metadata", "draco_metadata.vcxproj", "{D3423A68-7801-314A-B068-01DDF0FB6E11}"
	ProjectSection(ProjectDependencies) = postProject
		{EDC1A109-B392-30E0-B83B-D99092D55184} = {EDC1A109-B392-30E0-B83B-D99092D55184}
	EndProjectSection
EndProject
Project("{8BC9CEB8-8B4A-11D0-8D11-00A0C91BC942}") = "draco_metadata_dec", "draco_metadata_dec.vcxproj", "{670E6097-33CF-37C7-BC62-45C42C22343E}"
	ProjectSection(ProjectDependencies) = postProject
		{EDC1A109-B392-30E0-B83B-D99092D55184} = {EDC1A109-B392-30E0-B83B-D99092D55184}
	EndProjectSection
EndProject
Project("{8BC9CEB8-8B4A-11D0-8D11-00A0C91BC942}") = "draco_metadata_enc", "draco_metadata_enc.vcxproj", "{0199ED23-96C2-3D72-983C-B644A448A8DA}"
	ProjectSection(ProjectDependencies) = postProject
		{EDC1A109-B392-30E0-B83B-D99092D55184} = {EDC1A109-B392-30E0-B83B-D99092D55184}
	EndProjectSection
EndProject
Project("{8BC9CEB8-8B4A-11D0-8D11-00A0C91BC942}") = "draco_point_cloud", "draco_point_cloud.vcxproj", "{71299E20-F455-3CE9-9C60-3B0FD5D4F526}"
	ProjectSection(ProjectDependencies) = postProject
		{EDC1A109-B392-30E0-B83B-D99092D55184} = {EDC1A109-B392-30E0-B83B-D99092D55184}
	EndProjectSection
EndProject
Project("{8BC9CEB8-8B4A-11D0-8D11-00A0C91BC942}") = "draco_points_dec", "draco_points_dec.vcxproj", "{6EBECB7A-4891-314E-A9F5-17E9DD8FB044}"
	ProjectSection(ProjectDependencies) = postProject
		{EDC1A109-B392-30E0-B83B-D99092D55184} = {EDC1A109-B392-30E0-B83B-D99092D55184}
	EndProjectSection
EndProject
Project("{8BC9CEB8-8B4A-11D0-8D11-00A0C91BC942}") = "draco_points_enc", "draco_points_enc.vcxproj", "{8332463A-2F32-3597-A793-2872DB1135A1}"
	ProjectSection(ProjectDependencies) = postProject
		{EDC1A109-B392-30E0-B83B-D99092D55184} = {EDC1A109-B392-30E0-B83B-D99092D55184}
	EndProjectSection
EndProject
Global
	GlobalSection(SolutionConfigurationPlatforms) = preSolution
		Debug|x64 = Debug|x64
		Release|x64 = Release|x64
		MinSizeRel|x64 = MinSizeRel|x64
		RelWithDebInfo|x64 = RelWithDebInfo|x64
	EndGlobalSection
	GlobalSection(ProjectConfigurationPlatforms) = postSolution
		{14CF5178-11A4-3883-90DD-B1C00EC7DA73}.Debug|x64.ActiveCfg = Debug|x64
		{14CF5178-11A4-3883-90DD-B1C00EC7DA73}.Debug|x64.Build.0 = Debug|x64
		{14CF5178-11A4-3883-90DD-B1C00EC7DA73}.Release|x64.ActiveCfg = Release|x64
		{14CF5178-11A4-3883-90DD-B1C00EC7DA73}.Release|x64.Build.0 = Release|x64
		{14CF5178-11A4-3883-90DD-B1C00EC7DA73}.MinSizeRel|x64.ActiveCfg = MinSizeRel|x64
		{14CF5178-11A4-3883-90DD-B1C00EC7DA73}.MinSizeRel|x64.Build.0 = MinSizeRel|x64
		{14CF5178-11A4-3883-90DD-B1C00EC7DA73}.RelWithDebInfo|x64.ActiveCfg = RelWithDebInfo|x64
		{14CF5178-11A4-3883-90DD-B1C00EC7DA73}.RelWithDebInfo|x64.Build.0 = RelWithDebInfo|x64
		{7A3A281E-F46D-3051-827F-3D289F710204}.Debug|x64.ActiveCfg = Debug|x64
		{7A3A281E-F46D-3051-827F-3D289F710204}.Release|x64.ActiveCfg = Release|x64
		{7A3A281E-F46D-3051-827F-3D289F710204}.MinSizeRel|x64.ActiveCfg = MinSizeRel|x64
		{7A3A281E-F46D-3051-827F-3D289F710204}.RelWithDebInfo|x64.ActiveCfg = RelWithDebInfo|x64
		{EDC1A109-B392-30E0-B83B-D99092D55184}.Debug|x64.ActiveCfg = Debug|x64
		{EDC1A109-B392-30E0-B83B-D99092D55184}.Debug|x64.Build.0 = Debug|x64
		{EDC1A109-B392-30E0-B83B-D99092D55184}.Release|x64.ActiveCfg = Release|x64
		{EDC1A109-B392-30E0-B83B-D99092D55184}.Release|x64.Build.0 = Release|x64
		{EDC1A109-B392-30E0-B83B-D99092D55184}.MinSizeRel|x64.ActiveCfg = MinSizeRel|x64
		{EDC1A109-B392-30E0-B83B-D99092D55184}.MinSizeRel|x64.Build.0 = MinSizeRel|x64
		{EDC1A109-B392-30E0-B83B-D99092D55184}.RelWithDebInfo|x64.ActiveCfg = RelWithDebInfo|x64
		{EDC1A109-B392-30E0-B83B-D99092D55184}.RelWithDebInfo|x64.Build.0 = RelWithDebInfo|x64
		{279171A8-E4CE-3E1B-9EEB-22E450E8DBF5}.Debug|x64.ActiveCfg = Debug|x64
		{279171A8-E4CE-3E1B-9EEB-22E450E8DBF5}.Debug|x64.Build.0 = Debug|x64
		{279171A8-E4CE-3E1B-9EEB-22E450E8DBF5}.Release|x64.ActiveCfg = Release|x64
		{279171A8-E4CE-3E1B-9EEB-22E450E8DBF5}.Release|x64.Build.0 = Release|x64
		{279171A8-E4CE-3E1B-9EEB-22E450E8DBF5}.MinSizeRel|x64.ActiveCfg = MinSizeRel|x64
		{279171A8-E4CE-3E1B-9EEB-22E450E8DBF5}.MinSizeRel|x64.Build.0 = MinSizeRel|x64
		{279171A8-E4CE-3E1B-9EEB-22E450E8DBF5}.RelWithDebInfo|x64.ActiveCfg = RelWithDebInfo|x64
		{279171A8-E4CE-3E1B-9EEB-22E450E8DBF5}.RelWithDebInfo|x64.Build.0 = RelWithDebInfo|x64
		{4876C31E-4E6E-3106-A40C-A491CE42CA04}.Debug|x64.ActiveCfg = Debug|x64
		{4876C31E-4E6E-3106-A40C-A491CE42CA04}.Debug|x64.Build.0 = Debug|x64
		{4876C31E-4E6E-3106-A40C-A491CE42CA04}.Release|x64.ActiveCfg = Release|x64
		{4876C31E-4E6E-3106-A40C-A491CE42CA04}.Release|x64.Build.0 = Release|x64
		{4876C31E-4E6E-3106-A40C-A491CE42CA04}.MinSizeRel|x64.ActiveCfg = MinSizeRel|x64
		{4876C31E-4E6E-3106-A40C-A491CE42CA04}.MinSizeRel|x64.Build.0 = MinSizeRel|x64
		{4876C31E-4E6E-3106-A40C-A491CE42CA04}.RelWithDebInfo|x64.ActiveCfg = RelWithDebInfo|x64
		{4876C31E-4E6E-3106-A40C-A491CE42CA04}.RelWithDebInfo|x64.Build.0 = RelWithDebInfo|x64
		{39CAEC48-73BC-30A3-B376-0D08310C8FD7}.Debug|x64.ActiveCfg = Debug|x64
		{39CAEC48-73BC-30A3-B376-0D08310C8FD7}.Debug|x64.Build.0 = Debug|x64
		{39CAEC48-73BC-30A3-B376-0D08310C8FD7}.Release|x64.ActiveCfg = Release|x64
		{39CAEC48-73BC-30A3-B376-0D08310C8FD7}.Release|x64.Build.0 = Release|x64
		{39CAEC48-73BC-30A3-B376-0D08310C8FD7}.MinSizeRel|x64.ActiveCfg = MinSizeRel|x64
		{39CAEC48-73BC-30A3-B376-0D08310C8FD7}.MinSizeRel|x64.Build.0 = MinSizeRel|x64
		{39CAEC48-73BC-30A3-B376-0D08310C8FD7}.RelWithDebInfo|x64.ActiveCfg = RelWithDebInfo|x64
		{39CAEC48-73BC-30A3-B376-0D08310C8FD7}.RelWithDebInfo|x64.Build.0 = RelWithDebInfo|x64
		{E3EEBF61-656F-3B65-A808-EE47C0A000A4}.Debug|x64.ActiveCfg = Debug|x64
		{E3EEBF61-656F-3B65-A808-EE47C0A000A4}.Debug|x64.Build.0 = Debug|x64
		{E3EEBF61-656F-3B65-A808-EE47C0A000A4}.Release|x64.ActiveCfg = Release|x64
		{E3EEBF61-656F-3B65-A808-EE47C0A000A4}.Release|x64.Build.0 = Release|x64
		{E3EEBF61-656F-3B65-A808-EE47C0A000A4}.MinSizeRel|x64.ActiveCfg = MinSizeRel|x64
		{E3EEBF61-656F-3B65-A808-EE47C0A000A4}.MinSizeRel|x64.Build.0 = MinSizeRel|x64
		{E3EEBF61-656F-3B65-A808-EE47C0A000A4}.RelWithDebInfo|x64.ActiveCfg = RelWithDebInfo|x64
		{E3EEBF61-656F-3B65-A808-EE47C0A000A4}.RelWithDebInfo|x64.Build.0 = RelWithDebInfo|x64
		{C13A9FE2-91BB-3D49-9446-DC206066FF70}.Debug|x64.ActiveCfg = Debug|x64
		{C13A9FE2-91BB-3D49-9446-DC206066FF70}.Debug|x64.Build.0 = Debug|x64
		{C13A9FE2-91BB-3D49-9446-DC206066FF70}.Release|x64.ActiveCfg = Release|x64
		{C13A9FE2-91BB-3D49-9446-DC206066FF70}.Release|x64.Build.0 = Release|x64
		{C13A9FE2-91BB-3D49-9446-DC206066FF70}.MinSizeRel|x64.ActiveCfg = MinSizeRel|x64
		{C13A9FE2-91BB-3D49-9446-DC206066FF70}.MinSizeRel|x64.Build.0 = MinSizeRel|x64
		{C13A9FE2-91BB-3D49-9446-DC206066FF70}.RelWithDebInfo|x64.ActiveCfg = RelWithDebInfo|x64
		{C13A9FE2-91BB-3D49-9446-DC206066FF70}.RelWithDebInfo|x64.Build.0 = RelWithDebInfo|x64
		{CB1F10AD-8EB0-3A91-ADE4-B9795442E1C9}.Debug|x64.ActiveCfg = Debug|x64
		{CB1F10AD-8EB0-3A91-ADE4-B9795442E1C9}.Debug|x64.Build.0 = Debug|x64
		{CB1F10AD-8EB0-3A91-ADE4-B9795442E1C9}.Release|x64.ActiveCfg = Release|x64
		{CB1F10AD-8EB0-3A91-ADE4-B9795442E1C9}.Release|x64.Build.0 = Release|x64
		{CB1F10AD-8EB0-3A91-ADE4-B9795442E1C9}.MinSizeRel|x64.ActiveCfg = MinSizeRel|x64
		{CB1F10AD-8EB0-3A91-ADE4-B9795442E1C9}.MinSizeRel|x64.Build.0 = MinSizeRel|x64
		{CB1F10AD-8EB0-3A91-ADE4-B9795442E1C9}.RelWithDebInfo|x64.ActiveCfg = RelWithDebInfo|x64
		{CB1F10AD-8EB0-3A91-ADE4-B9795442E1C9}.RelWithDebInfo|x64.Build.0 = RelWithDebInfo|x64
		{33D32DAA-A384-31B4-8ABB-0C89A31E1197}.Debug|x64.ActiveCfg = Debug|x64
		{33D32DAA-A384-31B4-8ABB-0C89A31E1197}.Debug|x64.Build.0 = Debug|x64
		{33D32DAA-A384-31B4-8ABB-0C89A31E1197}.Release|x64.ActiveCfg = Release|x64
		{33D32DAA-A384-31B4-8ABB-0C89A31E1197}.Release|x64.Build.0 = Release|x64
		{33D32DAA-A384-31B4-8ABB-0C89A31E1197}.MinSizeRel|x64.ActiveCfg = MinSizeRel|x64
		{33D32DAA-A384-31B4-8ABB-0C89A31E1197}.MinSizeRel|x64.Build.0 = MinSizeRel|x64
		{33D32DAA-A384-31B4-8ABB-0C89A31E1197}.RelWithDebInfo|x64.ActiveCfg = RelWithDebInfo|x64
		{33D32DAA-A384-31B4-8ABB-0C89A31E1197}.RelWithDebInfo|x64.Build.0 = RelWithDebInfo|x64
		{B7B24CE1-BB98-362B-9332-46C7B2B3605D}.Debug|x64.ActiveCfg = Debug|x64
		{B7B24CE1-BB98-362B-9332-46C7B2B3605D}.Debug|x64.Build.0 = Debug|x64
		{B7B24CE1-BB98-362B-9332-46C7B2B3605D}.Release|x64.ActiveCfg = Release|x64
		{B7B24CE1-BB98-362B-9332-46C7B2B3605D}.Release|x64.Build.0 = Release|x64
		{B7B24CE1-BB98-362B-9332-46C7B2B3605D}.MinSizeRel|x64.ActiveCfg = MinSizeRel|x64
		{B7B24CE1-BB98-362B-9332-46C7B2B3605D}.MinSizeRel|x64.Build.0 = MinSizeRel|x64
		{B7B24CE1-BB98-362B-9332-46C7B2B3605D}.RelWithDebInfo|x64.ActiveCfg = RelWithDebInfo|x64
		{B7B24CE1-BB98-362B-9332-46C7B2B3605D}.RelWithDebInfo|x64.Build.0 = RelWithDebInfo|x64
		{AE5C17E4-E5C3-3E2D-83F4-1BD96CF54ABF}.Debug|x64.ActiveCfg = Debug|x64
		{AE5C17E4-E5C3-3E2D-83F4-1BD96CF54ABF}.Debug|x64.Build.0 = Debug|x64
		{AE5C17E4-E5C3-3E2D-83F4-1BD96CF54ABF}.Release|x64.ActiveCfg = Release|x64
		{AE5C17E4-E5C3-3E2D-83F4-1BD96CF54ABF}.Release|x64.Build.0 = Release|x64
		{AE5C17E4-E5C3-3E2D-83F4-1BD96CF54ABF}.MinSizeRel|x64.ActiveCfg = MinSizeRel|x64
		{AE5C17E4-E5C3-3E2D-83F4-1BD96CF54ABF}.MinSizeRel|x64.Build.0 = MinSizeRel|x64
		{AE5C17E4-E5C3-3E2D-83F4-1BD96CF54ABF}.RelWithDebInfo|x64.ActiveCfg = RelWithDebInfo|x64
		{AE5C17E4-E5C3-3E2D-83F4-1BD96CF54ABF}.RelWithDebInfo|x64.Build.0 = RelWithDebInfo|x64
		{3EC9DE5B-2891-3269-828E-A4C453159FE5}.Debug|x64.ActiveCfg = Debug|x64
		{3EC9DE5B-2891-3269-828E-A4C453159FE5}.Debug|x64.Build.0 = Debug|x64
		{3EC9DE5B-2891-3269-828E-A4C453159FE5}.Release|x64.ActiveCfg = Release|x64
		{3EC9DE5B-2891-3269-828E-A4C453159FE5}.Release|x64.Build.0 = Release|x64
		{3EC9DE5B-2891-3269-828E-A4C453159FE5}.MinSizeRel|x64.ActiveCfg = MinSizeRel|x64
		{3EC9DE5B-2891-3269-828E-A4C453159FE5}.MinSizeRel|x64.Build.0 = MinSizeRel|x64
		{3EC9DE5B-2891-3269-828E-A4C453159FE5}.RelWithDebInfo|x64.ActiveCfg = RelWithDebInfo|x64
		{3EC9DE5B-2891-3269-828E-A4C453159FE5}.RelWithDebInfo|x64.Build.0 = RelWithDebInfo|x64
		{2C9D28F5-09F2-3ED5-A05A-FC0073FC69EB}.Debug|x64.ActiveCfg = Debug|x64
		{2C9D28F5-09F2-3ED5-A05A-FC0073FC69EB}.Debug|x64.Build.0 = Debug|x64
		{2C9D28F5-09F2-3ED5-A05A-FC0073FC69EB}.Release|x64.ActiveCfg = Release|x64
		{2C9D28F5-09F2-3ED5-A05A-FC0073FC69EB}.Release|x64.Build.0 = Release|x64
		{2C9D28F5-09F2-3ED5-A05A-FC0073FC69EB}.MinSizeRel|x64.ActiveCfg = MinSizeRel|x64
		{2C9D28F5-09F2-3ED5-A05A-FC0073FC69EB}.MinSizeRel|x64.Build.0 = MinSizeRel|x64
		{2C9D28F5-09F2-3ED5-A05A-FC0073FC69EB}.RelWithDebInfo|x64.ActiveCfg = RelWithDebInfo|x64
		{2C9D28F5-09F2-3ED5-A05A-FC0073FC69EB}.RelWithDebInfo|x64.Build.0 = RelWithDebInfo|x64
		{0C8EEB94-5198-3903-AAB4-C520A39A8ED4}.Debug|x64.ActiveCfg = Debug|x64
		{0C8EEB94-5198-3903-AAB4-C520A39A8ED4}.Debug|x64.Build.0 = Debug|x64
		{0C8EEB94-5198-3903-AAB4-C520A39A8ED4}.Release|x64.ActiveCfg = Release|x64
		{0C8EEB94-5198-3903-AAB4-C520A39A8ED4}.Release|x64.Build.0 = Release|x64
		{0C8EEB94-5198-3903-AAB4-C520A39A8ED4}.MinSizeRel|x64.ActiveCfg = MinSizeRel|x64
		{0C8EEB94-5198-3903-AAB4-C520A39A8ED4}.MinSizeRel|x64.Build.0 = MinSizeRel|x64
		{0C8EEB94-5198-3903-AAB4-C520A39A8ED4}.RelWithDebInfo|x64.ActiveCfg = RelWithDebInfo|x64
		{0C8EEB94-5198-3903-AAB4-C520A39A8ED4}.RelWithDebInfo|x64.Build.0 = RelWithDebInfo|x64
		{37FD0642-7E6E-3CB8-9AD3-D778B4133DC0}.Debug|x64.ActiveCfg = Debug|x64
		{37FD0642-7E6E-3CB8-9AD3-D778B4133DC0}.Debug|x64.Build.0 = Debug|x64
		{37FD0642-7E6E-3CB8-9AD3-D778B4133DC0}.Release|x64.ActiveCfg = Release|x64
		{37FD0642-7E6E-3CB8-9AD3-D778B4133DC0}.Release|x64.Build.0 = Release|x64
		{37FD0642-7E6E-3CB8-9AD3-D778B4133DC0}.MinSizeRel|x64.ActiveCfg = MinSizeRel|x64
		{37FD0642-7E6E-3CB8-9AD3-D778B4133DC0}.MinSizeRel|x64.Build.0 = MinSizeRel|x64
		{37FD0642-7E6E-3CB8-9AD3-D778B4133DC0}.RelWithDebInfo|x64.ActiveCfg = RelWithDebInfo|x64
		{37FD0642-7E6E-3CB8-9AD3-D778B4133DC0}.RelWithDebInfo|x64.Build.0 = RelWithDebInfo|x64
		{437C1055-7821-302B-8B4D-81C0C753F31C}.Debug|x64.ActiveCfg = Debug|x64
		{437C1055-7821-302B-8B4D-81C0C753F31C}.Debug|x64.Build.0 = Debug|x64
		{437C1055-7821-302B-8B4D-81C0C753F31C}.Release|x64.ActiveCfg = Release|x64
		{437C1055-7821-302B-8B4D-81C0C753F31C}.Release|x64.Build.0 = Release|x64
		{437C1055-7821-302B-8B4D-81C0C753F31C}.MinSizeRel|x64.ActiveCfg = MinSizeRel|x64
		{437C1055-7821-302B-8B4D-81C0C753F31C}.MinSizeRel|x64.Build.0 = MinSizeRel|x64
		{437C1055-7821-302B-8B4D-81C0C753F31C}.RelWithDebInfo|x64.ActiveCfg = RelWithDebInfo|x64
		{437C1055-7821-302B-8B4D-81C0C753F31C}.RelWithDebInfo|x64.Build.0 = RelWithDebInfo|x64
		{B98F2541-491F-3EA5-9D37-6535A7F863F8}.Debug|x64.ActiveCfg = Debug|x64
		{B98F2541-491F-3EA5-9D37-6535A7F863F8}.Debug|x64.Build.0 = Debug|x64
		{B98F2541-491F-3EA5-9D37-6535A7F863F8}.Release|x64.ActiveCfg = Release|x64
		{B98F2541-491F-3EA5-9D37-6535A7F863F8}.Release|x64.Build.0 = Release|x64
		{B98F2541-491F-3EA5-9D37-6535A7F863F8}.MinSizeRel|x64.ActiveCfg = MinSizeRel|x64
		{B98F2541-491F-3EA5-9D37-6535A7F863F8}.MinSizeRel|x64.Build.0 = MinSizeRel|x64
		{B98F2541-491F-3EA5-9D37-6535A7F863F8}.RelWithDebInfo|x64.ActiveCfg = RelWithDebInfo|x64
		{B98F2541-491F-3EA5-9D37-6535A7F863F8}.RelWithDebInfo|x64.Build.0 = RelWithDebInfo|x64
		{83D79CD3-91BC-35A7-8F6F-C9CC16CD1B3F}.Debug|x64.ActiveCfg = Debug|x64
		{83D79CD3-91BC-35A7-8F6F-C9CC16CD1B3F}.Debug|x64.Build.0 = Debug|x64
		{83D79CD3-91BC-35A7-8F6F-C9CC16CD1B3F}.Release|x64.ActiveCfg = Release|x64
		{83D79CD3-91BC-35A7-8F6F-C9CC16CD1B3F}.Release|x64.Build.0 = Release|x64
		{83D79CD3-91BC-35A7-8F6F-C9CC16CD1B3F}.MinSizeRel|x64.ActiveCfg = MinSizeRel|x64
		{83D79CD3-91BC-35A7-8F6F-C9CC16CD1B3F}.MinSizeRel|x64.Build.0 = MinSizeRel|x64
		{83D79CD3-91BC-35A7-8F6F-C9CC16CD1B3F}.RelWithDebInfo|x64.ActiveCfg = RelWithDebInfo|x64
		{83D79CD3-91BC-35A7-8F6F-C9CC16CD1B3F}.RelWithDebInfo|x64.Build.0 = RelWithDebInfo|x64
		{E1CA4E87-1EC5-3231-A033-9739E768BC42}.Debug|x64.ActiveCfg = Debug|x64
		{E1CA4E87-1EC5-3231-A033-9739E768BC42}.Debug|x64.Build.0 = Debug|x64
		{E1CA4E87-1EC5-3231-A033-9739E768BC42}.Release|x64.ActiveCfg = Release|x64
		{E1CA4E87-1EC5-3231-A033-9739E768BC42}.Release|x64.Build.0 = Release|x64
		{E1CA4E87-1EC5-3231-A033-9739E768BC42}.MinSizeRel|x64.ActiveCfg = MinSizeRel|x64
		{E1CA4E87-1EC5-3231-A033-9739E768BC42}.MinSizeRel|x64.Build.0 = MinSizeRel|x64
		{E1CA4E87-1EC5-3231-A033-9739E768BC42}.RelWithDebInfo|x64.ActiveCfg = RelWithDebInfo|x64
		{E1CA4E87-1EC5-3231-A033-9739E768BC42}.RelWithDebInfo|x64.Build.0 = RelWithDebInfo|x64
		{C275BCBC-7D0E-3DC8-84B4-D69106ACA55E}.Debug|x64.ActiveCfg = Debug|x64
		{C275BCBC-7D0E-3DC8-84B4-D69106ACA55E}.Debug|x64.Build.0 = Debug|x64
		{C275BCBC-7D0E-3DC8-84B4-D69106ACA55E}.Release|x64.ActiveCfg = Release|x64
		{C275BCBC-7D0E-3DC8-84B4-D69106ACA55E}.Release|x64.Build.0 = Release|x64
		{C275BCBC-7D0E-3DC8-84B4-D69106ACA55E}.MinSizeRel|x64.ActiveCfg = MinSizeRel|x64
		{C275BCBC-7D0E-3DC8-84B4-D69106ACA55E}.MinSizeRel|x64.Build.0 = MinSizeRel|x64
		{C275BCBC-7D0E-3DC8-84B4-D69106ACA55E}.RelWithDebInfo|x64.ActiveCfg = RelWithDebInfo|x64
		{C275BCBC-7D0E-3DC8-84B4-D69106ACA55E}.RelWithDebInfo|x64.Build.0 = RelWithDebInfo|x64
		{EDF05225-DEB0-3172-8C34-F2CE10368274}.Debug|x64.ActiveCfg = Debug|x64
		{EDF05225-DEB0-3172-8C34-F2CE10368274}.Debug|x64.Build.0 = Debug|x64
		{EDF05225-DEB0-3172-8C34-F2CE10368274}.Release|x64.ActiveCfg = Release|x64
		{EDF05225-DEB0-3172-8C34-F2CE10368274}.Release|x64.Build.0 = Release|x64
		{EDF05225-DEB0-3172-8C34-F2CE10368274}.MinSizeRel|x64.ActiveCfg = MinSizeRel|x64
		{EDF05225-DEB0-3172-8C34-F2CE10368274}.MinSizeRel|x64.Build.0 = MinSizeRel|x64
		{EDF05225-DEB0-3172-8C34-F2CE10368274}.RelWithDebInfo|x64.ActiveCfg = RelWithDebInfo|x64
		{EDF05225-DEB0-3172-8C34-F2CE10368274}.RelWithDebInfo|x64.Build.0 = RelWithDebInfo|x64
		{449BC19C-97AE-3C8C-8351-3AC94BA4708C}.Debug|x64.ActiveCfg = Debug|x64
		{449BC19C-97AE-3C8C-8351-3AC94BA4708C}.Debug|x64.Build.0 = Debug|x64
		{449BC19C-97AE-3C8C-8351-3AC94BA4708C}.Release|x64.ActiveCfg = Release|x64
		{449BC19C-97AE-3C8C-8351-3AC94BA4708C}.Release|x64.Build.0 = Release|x64
		{449BC19C-97AE-3C8C-8351-3AC94BA4708C}.MinSizeRel|x64.ActiveCfg = MinSizeRel|x64
		{449BC19C-97AE-3C8C-8351-3AC94BA4708C}.MinSizeRel|x64.Build.0 = MinSizeRel|x64
		{449BC19C-97AE-3C8C-8351-3AC94BA4708C}.RelWithDebInfo|x64.ActiveCfg = RelWithDebInfo|x64
		{449BC19C-97AE-3C8C-8351-3AC94BA4708C}.RelWithDebInfo|x64.Build.0 = RelWithDebInfo|x64
		{113CA739-9662-37DF-90D4-EC30A484C276}.Debug|x64.ActiveCfg = Debug|x64
		{113CA739-9662-37DF-90D4-EC30A484C276}.Debug|x64.Build.0 = Debug|x64
		{113CA739-9662-37DF-90D4-EC30A484C276}.Release|x64.ActiveCfg = Release|x64
		{113CA739-9662-37DF-90D4-EC30A484C276}.Release|x64.Build.0 = Release|x64
		{113CA739-9662-37DF-90D4-EC30A484C276}.MinSizeRel|x64.ActiveCfg = MinSizeRel|x64
		{113CA739-9662-37DF-90D4-EC30A484C276}.MinSizeRel|x64.Build.0 = MinSizeRel|x64
		{113CA739-9662-37DF-90D4-EC30A484C276}.RelWithDebInfo|x64.ActiveCfg = RelWithDebInfo|x64
		{113CA739-9662-37DF-90D4-EC30A484C276}.RelWithDebInfo|x64.Build.0 = RelWithDebInfo|x64
		{3F12306D-0B6E-3511-8922-29515CC408DC}.Debug|x64.ActiveCfg = Debug|x64
		{3F12306D-0B6E-3511-8922-29515CC408DC}.Debug|x64.Build.0 = Debug|x64
		{3F12306D-0B6E-3511-8922-29515CC408DC}.Release|x64.ActiveCfg = Release|x64
		{3F12306D-0B6E-3511-8922-29515CC408DC}.Release|x64.Build.0 = Release|x64
		{3F12306D-0B6E-3511-8922-29515CC408DC}.MinSizeRel|x64.ActiveCfg = MinSizeRel|x64
		{3F12306D-0B6E-3511-8922-29515CC408DC}.MinSizeRel|x64.Build.0 = MinSizeRel|x64
		{3F12306D-0B6E-3511-8922-29515CC408DC}.RelWithDebInfo|x64.ActiveCfg = RelWithDebInfo|x64
		{3F12306D-0B6E-3511-8922-29515CC408DC}.RelWithDebInfo|x64.Build.0 = RelWithDebInfo|x64
		{43D66AE5-A68D-342B-B8A8-05BE41461B4B}.Debug|x64.ActiveCfg = Debug|x64
		{43D66AE5-A68D-342B-B8A8-05BE41461B4B}.Debug|x64.Build.0 = Debug|x64
		{43D66AE5-A68D-342B-B8A8-05BE41461B4B}.Release|x64.ActiveCfg = Release|x64
		{43D66AE5-A68D-342B-B8A8-05BE41461B4B}.Release|x64.Build.0 = Release|x64
		{43D66AE5-A68D-342B-B8A8-05BE41461B4B}.MinSizeRel|x64.ActiveCfg = MinSizeRel|x64
		{43D66AE5-A68D-342B-B8A8-05BE41461B4B}.MinSizeRel|x64.Build.0 = MinSizeRel|x64
		{43D66AE5-A68D-342B-B8A8-05BE41461B4B}.RelWithDebInfo|x64.ActiveCfg = RelWithDebInfo|x64
		{43D66AE5-A68D-342B-B8A8-05BE41461B4B}.RelWithDebInfo|x64.Build.0 = RelWithDebInfo|x64
		{95DE2A0F-3CD2-3765-BE4E-D99D7A9D90CB}.Debug|x64.ActiveCfg = Debug|x64
		{95DE2A0F-3CD2-3765-BE4E-D99D7A9D90CB}.Debug|x64.Build.0 = Debug|x64
		{95DE2A0F-3CD2-3765-BE4E-D99D7A9D90CB}.Release|x64.ActiveCfg = Release|x64
		{95DE2A0F-3CD2-3765-BE4E-D99D7A9D90CB}.Release|x64.Build.0 = Release|x64
		{95DE2A0F-3CD2-3765-BE4E-D99D7A9D90CB}.MinSizeRel|x64.ActiveCfg = MinSizeRel|x64
		{95DE2A0F-3CD2-3765-BE4E-D99D7A9D90CB}.MinSizeRel|x64.Build.0 = MinSizeRel|x64
		{95DE2A0F-3CD2-3765-BE4E-D99D7A9D90CB}.RelWithDebInfo|x64.ActiveCfg = RelWithDebInfo|x64
		{95DE2A0F-3CD2-3765-BE4E-D99D7A9D90CB}.RelWithDebInfo|x64.Build.0 = RelWithDebInfo|x64
		{6EBB4E44-D835-3414-8208-12F611E53521}.Debug|x64.ActiveCfg = Debug|x64
		{6EBB4E44-D835-3414-8208-12F611E53521}.Debug|x64.Build.0 = Debug|x64
		{6EBB4E44-D835-3414-8208-12F611E53521}.Release|x64.ActiveCfg = Release|x64
		{6EBB4E44-D835-3414-8208-12F611E53521}.Release|x64.Build.0 = Release|x64
		{6EBB4E44-D835-3414-8208-12F611E53521}.MinSizeRel|x64.ActiveCfg = MinSizeRel|x64
		{6EBB4E44-D835-3414-8208-12F611E53521}.MinSizeRel|x64.Build.0 = MinSizeRel|x64
		{6EBB4E44-D835-3414-8208-12F611E53521}.RelWithDebInfo|x64.ActiveCfg = RelWithDebInfo|x64
		{6EBB4E44-D835-3414-8208-12F611E53521}.RelWithDebInfo|x64.Build.0 = RelWithDebInfo|x64
		{3C023ED6-C755-3E24-8206-854E808D935E}.Debug|x64.ActiveCfg = Debug|x64
		{3C023ED6-C755-3E24-8206-854E808D935E}.Debug|x64.Build.0 = Debug|x64
		{3C023ED6-C755-3E24-8206-854E808D935E}.Release|x64.ActiveCfg = Release|x64
		{3C023ED6-C755-3E24-8206-854E808D935E}.Release|x64.Build.0 = Release|x64
		{3C023ED6-C755-3E24-8206-854E808D935E}.MinSizeRel|x64.ActiveCfg = MinSizeRel|x64
		{3C023ED6-C755-3E24-8206-854E808D935E}.MinSizeRel|x64.Build.0 = MinSizeRel|x64
		{3C023ED6-C755-3E24-8206-854E808D935E}.RelWithDebInfo|x64.ActiveCfg = RelWithDebInfo|x64
		{3C023ED6-C755-3E24-8206-854E808D935E}.RelWithDebInfo|x64.Build.0 = RelWithDebInfo|x64
		{D3423A68-7801-314A-B068-01DDF0FB6E11}.Debug|x64.ActiveCfg = Debug|x64
		{D3423A68-7801-314A-B068-01DDF0FB6E11}.Debug|x64.Build.0 = Debug|x64
		{D3423A68-7801-314A-B068-01DDF0FB6E11}.Release|x64.ActiveCfg = Release|x64
		{D3423A68-7801-314A-B068-01DDF0FB6E11}.Release|x64.Build.0 = Release|x64
		{D3423A68-7801-314A-B068-01DDF0FB6E11}.MinSizeRel|x64.ActiveCfg = MinSizeRel|x64
		{D3423A68-7801-314A-B068-01DDF0FB6E11}.MinSizeRel|x64.Build.0 = MinSizeRel|x64
		{D3423A68-7801-314A-B068-01DDF0FB6E11}.RelWithDebInfo|x64.ActiveCfg = RelWithDebInfo|x64
		{D3423A68-7801-314A-B068-01DDF0FB6E11}.RelWithDebInfo|x64.Build.0 = RelWithDebInfo|x64
		{670E6097-33CF-37C7-BC62-45C42C22343E}.Debug|x64.ActiveCfg = Debug|x64
		{670E6097-33CF-37C7-BC62-45C42C22343E}.Debug|x64.Build.0 = Debug|x64
		{670E6097-33CF-37C7-BC62-45C42C22343E}.Release|x64.ActiveCfg = Release|x64
		{670E6097-33CF-37C7-BC62-45C42C22343E}.Release|x64.Build.0 = Release|x64
		{670E6097-33CF-37C7-BC62-45C42C22343E}.MinSizeRel|x64.ActiveCfg = MinSizeRel|x64
		{670E6097-33CF-37C7-BC62-45C42C22343E}.MinSizeRel|x64.Build.0 = MinSizeRel|x64
		{670E6097-33CF-37C7-BC62-45C42C22343E}.RelWithDebInfo|x64.ActiveCfg = RelWithDebInfo|x64
		{670E6097-33CF-37C7-BC62-45C42C22343E}.RelWithDebInfo|x64.Build.0 = RelWithDebInfo|x64
		{0199ED23-96C2-3D72-983C-B644A448A8DA}.Debug|x64.ActiveCfg = Debug|x64
		{0199ED23-96C2-3D72-983C-B644A448A8DA}.Debug|x64.Build.0 = Debug|x64
		{0199ED23-96C2-3D72-983C-B644A448A8DA}.Release|x64.ActiveCfg = Release|x64
		{0199ED23-96C2-3D72-983C-B644A448A8DA}.Release|x64.Build.0 = Release|x64
		{0199ED23-96C2-3D72-983C-B644A448A8DA}.MinSizeRel|x64.ActiveCfg = MinSizeRel|x64
		{0199ED23-96C2-3D72-983C-B644A448A8DA}.MinSizeRel|x64.Build.0 = MinSizeRel|x64
		{0199ED23-96C2-3D72-983C-B644A448A8DA}.RelWithDebInfo|x64.ActiveCfg = RelWithDebInfo|x64
		{0199ED23-96C2-3D72-983C-B644A448A8DA}.RelWithDebInfo|x64.Build.0 = RelWithDebInfo|x64
		{71299E20-F455-3CE9-9C60-3B0FD5D4F526}.Debug|x64.ActiveCfg = Debug|x64
		{71299E20-F455-3CE9-9C60-3B0FD5D4F526}.Debug|x64.Build.0 = Debug|x64
		{71299E20-F455-3CE9-9C60-3B0FD5D4F526}.Release|x64.ActiveCfg = Release|x64
		{71299E20-F455-3CE9-9C60-3B0FD5D4F526}.Release|x64.Build.0 = Release|x64
		{71299E20-F455-3CE9-9C60-3B0FD5D4F526}.MinSizeRel|x64.ActiveCfg = MinSizeRel|x64
		{71299E20-F455-3CE9-9C60-3B0FD5D4F526}.MinSizeRel|x64.Build.0 = MinSizeRel|x64
		{71299E20-F455-3CE9-9C60-3B0FD5D4F526}.RelWithDebInfo|x64.ActiveCfg = RelWithDebInfo|x64
		{71299E20-F455-3CE9-9C60-3B0FD5D4F526}.RelWithDebInfo|x64.Build.0 = RelWithDebInfo|x64
		{6EBECB7A-4891-314E-A9F5-17E9DD8FB044}.Debug|x64.ActiveCfg = Debug|x64
		{6EBECB7A-4891-314E-A9F5-17E9DD8FB044}.Debug|x64.Build.0 = Debug|x64
		{6EBECB7A-4891-314E-A9F5-17E9DD8FB044}.Release|x64.ActiveCfg = Release|x64
		{6EBECB7A-4891-314E-A9F5-17E9DD8FB044}.Release|x64.Build.0 = Release|x64
		{6EBECB7A-4891-314E-A9F5-17E9DD8FB044}.MinSizeRel|x64.ActiveCfg = MinSizeRel|x64
		{6EBECB7A-4891-314E-A9F5-17E9DD8FB044}.MinSizeRel|x64.Build.0 = MinSizeRel|x64
		{6EBECB7A-4891-314E-A9F5-17E9DD8FB044}.RelWithDebInfo|x64.ActiveCfg = RelWithDebInfo|x64
		{6EBECB7A-4891-314E-A9F5-17E9DD8FB044}.RelWithDebInfo|x64.Build.0 = RelWithDebInfo|x64
		{8332463A-2F32-3597-A793-2872DB1135A1}.Debug|x64.ActiveCfg = Debug|x64
		{8332463A-2F32-3597-A793-2872DB1135A1}.Debug|x64.Build.0 = Debug|x64
		{8332463A-2F32-3597-A793-2872DB1135A1}.Release|x64.ActiveCfg = Release|x64
		{8332463A-2F32-3597-A793-2872DB1135A1}.Release|x64.Build.0 = Release|x64
		{8332463A-2F32-3597-A793-2872DB1135A1}.MinSizeRel|x64.ActiveCfg = MinSizeRel|x64
		{8332463A-2F32-3597-A793-2872DB1135A1}.MinSizeRel|x64.Build.0 = MinSizeRel|x64
		{8332463A-2F32-3597-A793-2872DB1135A1}.RelWithDebInfo|x64.ActiveCfg = RelWithDebInfo|x64
		{8332463A-2F32-3597-A793-2872DB1135A1}.RelWithDebInfo|x64.Build.0 = RelWithDebInfo|x64
	EndGlobalSection
	GlobalSection(ExtensibilityGlobals) = postSolution
		SolutionGuid = {8625630B-5EAD-37C4-9132-3888D5026C3B}
	EndGlobalSection
	GlobalSection(ExtensibilityAddIns) = postSolution
	EndGlobalSection
EndGlobal
